
Microsoft Visual Studio Solution File, Format Version 12.00
# Visual Studio Version 16
VisualStudioVersion = 16.0.29806.167
MinimumVisualStudioVersion = 10.0.40219.1
Project("{FAE04EC0-301F-11D3-BF4B-00C04F79EFBC}") = "Graph", "templateGraph\Graph.csproj", "{87942269-A9F6-4DE9-8352-65D11C6C75CB}"
EndProject
Global
	GlobalSection(SolutionConfigurationPlatforms) = preSolution
		Debug|Any CPU = Debug|Any CPU
		Release|Any CPU = Release|Any CPU
	EndGlobalSection
	GlobalSection(ProjectConfigurationPlatforms) = postSolution
		{87942269-A9F6-4DE9-8352-65D11C6C75CB}.Debug|Any CPU.ActiveCfg = Debug|Any CPU
		{87942269-A9F6-4DE9-8352-65D11C6C75CB}.Debug|Any CPU.Build.0 = Debug|Any CPU
		{87942269-A9F6-4DE9-8352-65D11C6C75CB}.Release|Any CPU.ActiveCfg = Release|Any CPU
		{87942269-A9F6-4DE9-8352-65D11C6C75CB}.Release|Any CPU.Build.0 = Release|Any CPU
	EndGlobalSection
	GlobalSection(SolutionProperties) = preSolution
		HideSolutionNode = FALSE
	EndGlobalSection
	GlobalSection(ExtensibilityGlobals) = postSolution
		SolutionGuid = {9C8D126D-C3C3-4ABE-A650-844F443C9F61}
	EndGlobalSection
EndGlobal
